
Microsoft Visual Studio Solution File, Format Version 12.00
# Visual Studio 15
VisualStudioVersion = 15.0.27428.2015
MinimumVisualStudioVersion = 10.0.40219.1
Project("{9092AA53-FB77-4645-B42D-1CCCA6BD08BD}") = "Bootstrapper", "Bootstrapper\Bootstrapper.njsproj", "{5C1BB561-DEF0-46B5-9BB0-538ED2198FEB}"
EndProject
Global
	GlobalSection(SolutionConfigurationPlatforms) = preSolution
		Debug|Any CPU = Debug|Any CPU
		Release|Any CPU = Release|Any CPU
	EndGlobalSection
	GlobalSection(ProjectConfigurationPlatforms) = postSolution
		{5C1BB561-DEF0-46B5-9BB0-538ED2198FEB}.Debug|Any CPU.ActiveCfg = Debug|Any CPU
		{5C1BB561-DEF0-46B5-9BB0-538ED2198FEB}.Debug|Any CPU.Build.0 = Debug|Any CPU
		{5C1BB561-DEF0-46B5-9BB0-538ED2198FEB}.Release|Any CPU.ActiveCfg = Release|Any CPU
		{5C1BB561-DEF0-46B5-9BB0-538ED2198FEB}.Release|Any CPU.Build.0 = Release|Any CPU
	EndGlobalSection
	GlobalSection(SolutionProperties) = preSolution
		HideSolutionNode = FALSE
	EndGlobalSection
	GlobalSection(ExtensibilityGlobals) = postSolution
		SolutionGuid = {DD8402DF-F60C-4856-B346-C3221A517214}
	EndGlobalSection
EndGlobal
